{
  "pins" : [
    {
      "identity" : "dynamicislandutilities",
      "kind" : "remoteSourceControl",
      "location" : "https://github.com/theblixguy/DynamicIslandUtilities.git",
      "state" : {
        "revision" : "eeea1f93464fc4fda5713b65fbeb5e6989d8bd0b",
        "version" : "0.1.0"
      }
    },
    {
      "identity" : "swiftui-introspect",
      "kind" : "remoteSourceControl",
      "location" : "https://github.com/siteline/swiftui-introspect",
      "state" : {
        "revision" : "ccb973cfff703cba53fb88197413485c060eb26b",
        "version" : "0.10.0"
      }
    }
  ],
  "version" : 2
}
