// !$*UTF8*$!
{
	archiveVersion = 1;
	classes = {
	};
	objectVersion = 56;
	objects = {

/* Begin PBXBuildFile section */
		C4A00A3A2AA60FF600D5244A /* ProfileScene.swift in Sources */ = {isa = PBXBuildFile; fileRef = C4A00A232AA60FF600D5244A /* ProfileScene.swift */; };
		C4A00A3B2AA60FF600D5244A /* Const.swift in Sources */ = {isa = PBXBuildFile; fileRef = C4A00A252AA60FF600D5244A /* Const.swift */; };
		C4A00A3C2AA60FF600D5244A /* Assets.xcassets in Resources */ = {isa = PBXBuildFile; fileRef = C4A00A272AA60FF600D5244A /* Assets.xcassets */; };
		C4A00A3D2AA60FF600D5244A /* Preview Assets.xcassets in Resources */ = {isa = PBXBuildFile; fileRef = C4A00A282AA60FF600D5244A /* Preview Assets.xcassets */; };
		C4A00A3E2AA60FF600D5244A /* DynamicIslandManager.swift in Sources */ = {isa = PBXBuildFile; fileRef = C4A00A2A2AA60FF600D5244A /* DynamicIslandManager.swift */; };
		C4A00A3F2AA60FF600D5244A /* User.swift in Sources */ = {isa = PBXBuildFile; fileRef = C4A00A2C2AA60FF600D5244A /* User.swift */; };
		C4A00A402AA60FF600D5244A /* CGFloat+Extenions.swift in Sources */ = {isa = PBXBuildFile; fileRef = C4A00A2E2AA60FF600D5244A /* CGFloat+Extenions.swift */; };
		C4A00A412AA60FF600D5244A /* View+Extensions.swift in Sources */ = {isa = PBXBuildFile; fileRef = C4A00A2F2AA60FF600D5244A /* View+Extensions.swift */; };
		C4A00A422AA60FF600D5244A /* Application.swift in Sources */ = {isa = PBXBuildFile; fileRef = C4A00A312AA60FF600D5244A /* Application.swift */; };
		C4A00A432AA60FF600D5244A /* ToggleCellView.swift in Sources */ = {isa = PBXBuildFile; fileRef = C4A00A342AA60FF600D5244A /* ToggleCellView.swift */; };
		C4A00A442AA60FF600D5244A /* ScrollStatusModifier.swift in Sources */ = {isa = PBXBuildFile; fileRef = C4A00A362AA60FF600D5244A /* ScrollStatusModifier.swift */; };
		C4A00A452AA60FF600D5244A /* OffsetObservingScrollView.swift in Sources */ = {isa = PBXBuildFile; fileRef = C4A00A382AA60FF600D5244A /* OffsetObservingScrollView.swift */; };
		C4A00A462AA60FF600D5244A /* PositionObservingView.swift in Sources */ = {isa = PBXBuildFile; fileRef = C4A00A392AA60FF600D5244A /* PositionObservingView.swift */; };
		C4E312AC2A84F93E00A28192 /* SwiftUIIntrospect in Frameworks */ = {isa = PBXBuildFile; productRef = C4E312AB2A84F93E00A28192 /* SwiftUIIntrospect */; };
/* End PBXBuildFile section */

/* Begin PBXFileReference section */
		C41E45502A83A826009470CB /* DynamicIslandDemo.app */ = {isa = PBXFileReference; explicitFileType = wrapper.application; includeInIndex = 0; path = DynamicIslandDemo.app; sourceTree = BUILT_PRODUCTS_DIR; };
		C4A00A232AA60FF600D5244A /* ProfileScene.swift */ = {isa = PBXFileReference; fileEncoding = 4; lastKnownFileType = sourcecode.swift; path = ProfileScene.swift; sourceTree = "<group>"; };
		C4A00A252AA60FF600D5244A /* Const.swift */ = {isa = PBXFileReference; fileEncoding = 4; lastKnownFileType = sourcecode.swift; path = Const.swift; sourceTree = "<group>"; };
		C4A00A272AA60FF600D5244A /* Assets.xcassets */ = {isa = PBXFileReference; lastKnownFileType = folder.assetcatalog; path = Assets.xcassets; sourceTree = "<group>"; };
		C4A00A282AA60FF600D5244A /* Preview Assets.xcassets */ = {isa = PBXFileReference; lastKnownFileType = folder.assetcatalog; path = "Preview Assets.xcassets"; sourceTree = "<group>"; };
		C4A00A2A2AA60FF600D5244A /* DynamicIslandManager.swift */ = {isa = PBXFileReference; fileEncoding = 4; lastKnownFileType = sourcecode.swift; path = DynamicIslandManager.swift; sourceTree = "<group>"; };
		C4A00A2C2AA60FF600D5244A /* User.swift */ = {isa = PBXFileReference; fileEncoding = 4; lastKnownFileType = sourcecode.swift; path = User.swift; sourceTree = "<group>"; };
		C4A00A2E2AA60FF600D5244A /* CGFloat+Extenions.swift */ = {isa = PBXFileReference; fileEncoding = 4; lastKnownFileType = sourcecode.swift; path = "CGFloat+Extenions.swift"; sourceTree = "<group>"; };
		C4A00A2F2AA60FF600D5244A /* View+Extensions.swift */ = {isa = PBXFileReference; fileEncoding = 4; lastKnownFileType = sourcecode.swift; path = "View+Extensions.swift"; sourceTree = "<group>"; };
		C4A00A312AA60FF600D5244A /* Application.swift */ = {isa = PBXFileReference; fileEncoding = 4; lastKnownFileType = sourcecode.swift; path = Application.swift; sourceTree = "<group>"; };
		C4A00A342AA60FF600D5244A /* ToggleCellView.swift */ = {isa = PBXFileReference; fileEncoding = 4; lastKnownFileType = sourcecode.swift; path = ToggleCellView.swift; sourceTree = "<group>"; };
		C4A00A362AA60FF600D5244A /* ScrollStatusModifier.swift */ = {isa = PBXFileReference; fileEncoding = 4; lastKnownFileType = sourcecode.swift; path = ScrollStatusModifier.swift; sourceTree = "<group>"; };
		C4A00A382AA60FF600D5244A /* OffsetObservingScrollView.swift */ = {isa = PBXFileReference; fileEncoding = 4; lastKnownFileType = sourcecode.swift; path = OffsetObservingScrollView.swift; sourceTree = "<group>"; };
		C4A00A392AA60FF600D5244A /* PositionObservingView.swift */ = {isa = PBXFileReference; fileEncoding = 4; lastKnownFileType = sourcecode.swift; path = PositionObservingView.swift; sourceTree = "<group>"; };
/* End PBXFileReference section */

/* Begin PBXFrameworksBuildPhase section */
		C41E454D2A83A826009470CB /* Frameworks */ = {
			isa = PBXFrameworksBuildPhase;
			buildActionMask = 2147483647;
			files = (
				C4E312AC2A84F93E00A28192 /* SwiftUIIntrospect in Frameworks */,
			);
			runOnlyForDeploymentPostprocessing = 0;
		};
/* End PBXFrameworksBuildPhase section */

/* Begin PBXGroup section */
		C41E45472A83A826009470CB = {
			isa = PBXGroup;
			children = (
				C4A00A212AA60FF600D5244A /* DynamicIslandDemo */,
				C41E45512A83A826009470CB /* Products */,
			);
			sourceTree = "<group>";
		};
		C41E45512A83A826009470CB /* Products */ = {
			isa = PBXGroup;
			children = (
				C41E45502A83A826009470CB /* DynamicIslandDemo.app */,
			);
			name = Products;
			sourceTree = "<group>";
		};
		C4A00A212AA60FF600D5244A /* DynamicIslandDemo */ = {
			isa = PBXGroup;
			children = (
				C4A00A242AA60FF600D5244A /* Constants */,
				C4A00A292AA60FF600D5244A /* Managers */,
				C4A00A2B2AA60FF600D5244A /* Models */,
				C4A00A322AA60FF600D5244A /* Views */,
				C4A00A222AA60FF600D5244A /* Scenes */,
				C4A00A2D2AA60FF600D5244A /* Extensions */,
				C4A00A262AA60FF600D5244A /* Resources */,
				C4A00A302AA60FF600D5244A /* Application */,
			);
			path = DynamicIslandDemo;
			sourceTree = "<group>";
		};
		C4A00A222AA60FF600D5244A /* Scenes */ = {
			isa = PBXGroup;
			children = (
				C4A00A232AA60FF600D5244A /* ProfileScene.swift */,
			);
			path = Scenes;
			sourceTree = "<group>";
		};
		C4A00A242AA60FF600D5244A /* Constants */ = {
			isa = PBXGroup;
			children = (
				C4A00A252AA60FF600D5244A /* Const.swift */,
			);
			path = Constants;
			sourceTree = "<group>";
		};
		C4A00A262AA60FF600D5244A /* Resources */ = {
			isa = PBXGroup;
			children = (
				C4A00A272AA60FF600D5244A /* Assets.xcassets */,
				C4A00A282AA60FF600D5244A /* Preview Assets.xcassets */,
			);
			path = Resources;
			sourceTree = "<group>";
		};
		C4A00A292AA60FF600D5244A /* Managers */ = {
			isa = PBXGroup;
			children = (
				C4A00A2A2AA60FF600D5244A /* DynamicIslandManager.swift */,
			);
			path = Managers;
			sourceTree = "<group>";
		};
		C4A00A2B2AA60FF600D5244A /* Models */ = {
			isa = PBXGroup;
			children = (
				C4A00A2C2AA60FF600D5244A /* User.swift */,
			);
			path = Models;
			sourceTree = "<group>";
		};
		C4A00A2D2AA60FF600D5244A /* Extensions */ = {
			isa = PBXGroup;
			children = (
				C4A00A2E2AA60FF600D5244A /* CGFloat+Extenions.swift */,
				C4A00A2F2AA60FF600D5244A /* View+Extensions.swift */,
			);
			path = Extensions;
			sourceTree = "<group>";
		};
		C4A00A302AA60FF600D5244A /* Application */ = {
			isa = PBXGroup;
			children = (
				C4A00A312AA60FF600D5244A /* Application.swift */,
			);
			path = Application;
			sourceTree = "<group>";
		};
		C4A00A322AA60FF600D5244A /* Views */ = {
			isa = PBXGroup;
			children = (
				C4A00A332AA60FF600D5244A /* Cells */,
				C4A00A352AA60FF600D5244A /* Modifiers */,
				C4A00A372AA60FF600D5244A /* Views */,
			);
			path = Views;
			sourceTree = "<group>";
		};
		C4A00A332AA60FF600D5244A /* Cells */ = {
			isa = PBXGroup;
			children = (
				C4A00A342AA60FF600D5244A /* ToggleCellView.swift */,
			);
			path = Cells;
			sourceTree = "<group>";
		};
		C4A00A352AA60FF600D5244A /* Modifiers */ = {
			isa = PBXGroup;
			children = (
				C4A00A362AA60FF600D5244A /* ScrollStatusModifier.swift */,
			);
			path = Modifiers;
			sourceTree = "<group>";
		};
		C4A00A372AA60FF600D5244A /* Views */ = {
			isa = PBXGroup;
			children = (
				C4A00A382AA60FF600D5244A /* OffsetObservingScrollView.swift */,
				C4A00A392AA60FF600D5244A /* PositionObservingView.swift */,
			);
			path = Views;
			sourceTree = "<group>";
		};
/* End PBXGroup section */

/* Begin PBXNativeTarget section */
		C41E454F2A83A826009470CB /* DynamicIslandDemo */ = {
			isa = PBXNativeTarget;
			buildConfigurationList = C41E455E2A83A826009470CB /* Build configuration list for PBXNativeTarget "DynamicIslandDemo" */;
			buildPhases = (
				C41E454C2A83A826009470CB /* Sources */,
				C41E454D2A83A826009470CB /* Frameworks */,
				C41E454E2A83A826009470CB /* Resources */,
				C42934002AA618F6005ED087 /* SwiftLint */,
			);
			buildRules = (
			);
			dependencies = (
			);
			name = DynamicIslandDemo;
			packageProductDependencies = (
				C4E312AB2A84F93E00A28192 /* SwiftUIIntrospect */,
			);
			productName = DynamicIslandSample;
			productReference = C41E45502A83A826009470CB /* DynamicIslandDemo.app */;
			productType = "com.apple.product-type.application";
		};
/* End PBXNativeTarget section */

/* Begin PBXProject section */
		C41E45482A83A826009470CB /* Project object */ = {
			isa = PBXProject;
			attributes = {
				BuildIndependentTargetsInParallel = 1;
				LastSwiftUpdateCheck = 1430;
				LastUpgradeCheck = 1430;
				TargetAttributes = {
					C41E454F2A83A826009470CB = {
						CreatedOnToolsVersion = 14.3.1;
					};
				};
			};
			buildConfigurationList = C41E454B2A83A826009470CB /* Build configuration list for PBXProject "DynamicIslandDemo" */;
			compatibilityVersion = "Xcode 14.0";
			developmentRegion = en;
			hasScannedForEncodings = 0;
			knownRegions = (
				en,
				Base,
			);
			mainGroup = C41E45472A83A826009470CB;
			packageReferences = (
				C4E312AA2A84F93E00A28192 /* XCRemoteSwiftPackageReference "swiftui-introspect" */,
			);
			productRefGroup = C41E45512A83A826009470CB /* Products */;
			projectDirPath = "";
			projectRoot = "";
			targets = (
				C41E454F2A83A826009470CB /* DynamicIslandDemo */,
			);
		};
/* End PBXProject section */

/* Begin PBXResourcesBuildPhase section */
		C41E454E2A83A826009470CB /* Resources */ = {
			isa = PBXResourcesBuildPhase;
			buildActionMask = 2147483647;
			files = (
				C4A00A3D2AA60FF600D5244A /* Preview Assets.xcassets in Resources */,
				C4A00A3C2AA60FF600D5244A /* Assets.xcassets in Resources */,
			);
			runOnlyForDeploymentPostprocessing = 0;
		};
/* End PBXResourcesBuildPhase section */

/* Begin PBXShellScriptBuildPhase section */
		C42934002AA618F6005ED087 /* SwiftLint */ = {
			isa = PBXShellScriptBuildPhase;
			alwaysOutOfDate = 1;
			buildActionMask = 2147483647;
			files = (
			);
			inputFileListPaths = (
			);
			inputPaths = (
			);
			name = SwiftLint;
			outputFileListPaths = (
			);
			outputPaths = (
			);
			runOnlyForDeploymentPostprocessing = 0;
			shellPath = /bin/sh;
			shellScript = "# Adds support for Apple Silicon brew directory\nexport PATH=\"$PATH:/opt/homebrew/bin\"\n\nif which swiftlint; then\n    swiftlint —-fix && swiftlint\nelse\n  echo \"warning: SwiftLint not installed, download from https://github.com/realm/SwiftLint\"\nfi\n";
		};
/* End PBXShellScriptBuildPhase section */

/* Begin PBXSourcesBuildPhase section */
		C41E454C2A83A826009470CB /* Sources */ = {
			isa = PBXSourcesBuildPhase;
			buildActionMask = 2147483647;
			files = (
				C4A00A3F2AA60FF600D5244A /* User.swift in Sources */,
				C4A00A422AA60FF600D5244A /* Application.swift in Sources */,
				C4A00A3A2AA60FF600D5244A /* ProfileScene.swift in Sources */,
				C4A00A3B2AA60FF600D5244A /* Const.swift in Sources */,
				C4A00A432AA60FF600D5244A /* ToggleCellView.swift in Sources */,
				C4A00A3E2AA60FF600D5244A /* DynamicIslandManager.swift in Sources */,
				C4A00A452AA60FF600D5244A /* OffsetObservingScrollView.swift in Sources */,
				C4A00A412AA60FF600D5244A /* View+Extensions.swift in Sources */,
				C4A00A402AA60FF600D5244A /* CGFloat+Extenions.swift in Sources */,
				C4A00A442AA60FF600D5244A /* ScrollStatusModifier.swift in Sources */,
				C4A00A462AA60FF600D5244A /* PositionObservingView.swift in Sources */,
			);
			runOnlyForDeploymentPostprocessing = 0;
		};
/* End PBXSourcesBuildPhase section */

/* Begin XCBuildConfiguration section */
		C41E455C2A83A826009470CB /* Debug */ = {
			isa = XCBuildConfiguration;
			buildSettings = {
				ALWAYS_SEARCH_USER_PATHS = NO;
				CLANG_ANALYZER_NONNULL = YES;
				CLANG_ANALYZER_NUMBER_OBJECT_CONVERSION = YES_AGGRESSIVE;
				CLANG_CXX_LANGUAGE_STANDARD = "gnu++20";
				CLANG_ENABLE_MODULES = YES;
				CLANG_ENABLE_OBJC_ARC = YES;
				CLANG_ENABLE_OBJC_WEAK = YES;
				CLANG_WARN_BLOCK_CAPTURE_AUTORELEASING = YES;
				CLANG_WARN_BOOL_CONVERSION = YES;
				CLANG_WARN_COMMA = YES;
				CLANG_WARN_CONSTANT_CONVERSION = YES;
				CLANG_WARN_DEPRECATED_OBJC_IMPLEMENTATIONS = YES;
				CLANG_WARN_DIRECT_OBJC_ISA_USAGE = YES_ERROR;
				CLANG_WARN_DOCUMENTATION_COMMENTS = YES;
				CLANG_WARN_EMPTY_BODY = YES;
				CLANG_WARN_ENUM_CONVERSION = YES;
				CLANG_WARN_INFINITE_RECURSION = YES;
				CLANG_WARN_INT_CONVERSION = YES;
				CLANG_WARN_NON_LITERAL_NULL_CONVERSION = YES;
				CLANG_WARN_OBJC_IMPLICIT_RETAIN_SELF = YES;
				CLANG_WARN_OBJC_LITERAL_CONVERSION = YES;
				CLANG_WARN_OBJC_ROOT_CLASS = YES_ERROR;
				CLANG_WARN_QUOTED_INCLUDE_IN_FRAMEWORK_HEADER = YES;
				CLANG_WARN_RANGE_LOOP_ANALYSIS = YES;
				CLANG_WARN_STRICT_PROTOTYPES = YES;
				CLANG_WARN_SUSPICIOUS_MOVE = YES;
				CLANG_WARN_UNGUARDED_AVAILABILITY = YES_AGGRESSIVE;
				CLANG_WARN_UNREACHABLE_CODE = YES;
				CLANG_WARN__DUPLICATE_METHOD_MATCH = YES;
				COPY_PHASE_STRIP = NO;
				DEBUG_INFORMATION_FORMAT = dwarf;
				ENABLE_STRICT_OBJC_MSGSEND = YES;
				ENABLE_TESTABILITY = YES;
				GCC_C_LANGUAGE_STANDARD = gnu11;
				GCC_DYNAMIC_NO_PIC = NO;
				GCC_NO_COMMON_BLOCKS = YES;
				GCC_OPTIMIZATION_LEVEL = 0;
				GCC_PREPROCESSOR_DEFINITIONS = (
					"DEBUG=1",
					"$(inherited)",
				);
				GCC_WARN_64_TO_32_BIT_CONVERSION = YES;
				GCC_WARN_ABOUT_RETURN_TYPE = YES_ERROR;
				GCC_WARN_UNDECLARED_SELECTOR = YES;
				GCC_WARN_UNINITIALIZED_AUTOS = YES_AGGRESSIVE;
				GCC_WARN_UNUSED_FUNCTION = YES;
				GCC_WARN_UNUSED_VARIABLE = YES;
				IPHONEOS_DEPLOYMENT_TARGET = 16.4;
				MTL_ENABLE_DEBUG_INFO = INCLUDE_SOURCE;
				MTL_FAST_MATH = YES;
				ONLY_ACTIVE_ARCH = YES;
				SDKROOT = iphoneos;
				SWIFT_ACTIVE_COMPILATION_CONDITIONS = DEBUG;
				SWIFT_OPTIMIZATION_LEVEL = "-Onone";
			};
			name = Debug;
		};
		C41E455D2A83A826009470CB /* Release */ = {
			isa = XCBuildConfiguration;
			buildSettings = {
				ALWAYS_SEARCH_USER_PATHS = NO;
				CLANG_ANALYZER_NONNULL = YES;
				CLANG_ANALYZER_NUMBER_OBJECT_CONVERSION = YES_AGGRESSIVE;
				CLANG_CXX_LANGUAGE_STANDARD = "gnu++20";
				CLANG_ENABLE_MODULES = YES;
				CLANG_ENABLE_OBJC_ARC = YES;
				CLANG_ENABLE_OBJC_WEAK = YES;
				CLANG_WARN_BLOCK_CAPTURE_AUTORELEASING = YES;
				CLANG_WARN_BOOL_CONVERSION = YES;
				CLANG_WARN_COMMA = YES;
				CLANG_WARN_CONSTANT_CONVERSION = YES;
				CLANG_WARN_DEPRECATED_OBJC_IMPLEMENTATIONS = YES;
				CLANG_WARN_DIRECT_OBJC_ISA_USAGE = YES_ERROR;
				CLANG_WARN_DOCUMENTATION_COMMENTS = YES;
				CLANG_WARN_EMPTY_BODY = YES;
				CLANG_WARN_ENUM_CONVERSION = YES;
				CLANG_WARN_INFINITE_RECURSION = YES;
				CLANG_WARN_INT_CONVERSION = YES;
				CLANG_WARN_NON_LITERAL_NULL_CONVERSION = YES;
				CLANG_WARN_OBJC_IMPLICIT_RETAIN_SELF = YES;
				CLANG_WARN_OBJC_LITERAL_CONVERSION = YES;
				CLANG_WARN_OBJC_ROOT_CLASS = YES_ERROR;
				CLANG_WARN_QUOTED_INCLUDE_IN_FRAMEWORK_HEADER = YES;
				CLANG_WARN_RANGE_LOOP_ANALYSIS = YES;
				CLANG_WARN_STRICT_PROTOTYPES = YES;
				CLANG_WARN_SUSPICIOUS_MOVE = YES;
				CLANG_WARN_UNGUARDED_AVAILABILITY = YES_AGGRESSIVE;
				CLANG_WARN_UNREACHABLE_CODE = YES;
				CLANG_WARN__DUPLICATE_METHOD_MATCH = YES;
				COPY_PHASE_STRIP = NO;
				DEBUG_INFORMATION_FORMAT = "dwarf-with-dsym";
				ENABLE_NS_ASSERTIONS = NO;
				ENABLE_STRICT_OBJC_MSGSEND = YES;
				GCC_C_LANGUAGE_STANDARD = gnu11;
				GCC_NO_COMMON_BLOCKS = YES;
				GCC_WARN_64_TO_32_BIT_CONVERSION = YES;
				GCC_WARN_ABOUT_RETURN_TYPE = YES_ERROR;
				GCC_WARN_UNDECLARED_SELECTOR = YES;
				GCC_WARN_UNINITIALIZED_AUTOS = YES_AGGRESSIVE;
				GCC_WARN_UNUSED_FUNCTION = YES;
				GCC_WARN_UNUSED_VARIABLE = YES;
				IPHONEOS_DEPLOYMENT_TARGET = 16.4;
				MTL_ENABLE_DEBUG_INFO = NO;
				MTL_FAST_MATH = YES;
				SDKROOT = iphoneos;
				SWIFT_COMPILATION_MODE = wholemodule;
				SWIFT_OPTIMIZATION_LEVEL = "-O";
				VALIDATE_PRODUCT = YES;
			};
			name = Release;
		};
		C41E455F2A83A826009470CB /* Debug */ = {
			isa = XCBuildConfiguration;
			buildSettings = {
				ASSETCATALOG_COMPILER_APPICON_NAME = AppIcon;
				ASSETCATALOG_COMPILER_GLOBAL_ACCENT_COLOR_NAME = AccentColor;
				CODE_SIGN_STYLE = Automatic;
				CURRENT_PROJECT_VERSION = 1;
				DEVELOPMENT_ASSET_PATHS = "\"DynamicIslandDemo/Resources/\"";
				DEVELOPMENT_TEAM = XPJG98X97P;
				ENABLE_PREVIEWS = YES;
				GENERATE_INFOPLIST_FILE = YES;
				INFOPLIST_KEY_UIApplicationSceneManifest_Generation = YES;
				INFOPLIST_KEY_UIApplicationSupportsIndirectInputEvents = YES;
				INFOPLIST_KEY_UILaunchScreen_Generation = YES;
				INFOPLIST_KEY_UISupportedInterfaceOrientations_iPad = "UIInterfaceOrientationPortrait UIInterfaceOrientationPortraitUpsideDown UIInterfaceOrientationLandscapeLeft UIInterfaceOrientationLandscapeRight";
				INFOPLIST_KEY_UISupportedInterfaceOrientations_iPhone = "UIInterfaceOrientationPortrait UIInterfaceOrientationLandscapeLeft UIInterfaceOrientationLandscapeRight";
				LD_RUNPATH_SEARCH_PATHS = (
					"$(inherited)",
					"@executable_path/Frameworks",
				);
				MARKETING_VERSION = 1.0;
				PRODUCT_BUNDLE_IDENTIFIER = com.codeIT.DynamicIslandSample;
				PRODUCT_NAME = "$(TARGET_NAME)";
				SWIFT_EMIT_LOC_STRINGS = YES;
				SWIFT_VERSION = 5.0;
				TARGETED_DEVICE_FAMILY = "1,2";
			};
			name = Debug;
		};
		C41E45602A83A826009470CB /* Release */ = {
			isa = XCBuildConfiguration;
			buildSettings = {
				ASSETCATALOG_COMPILER_APPICON_NAME = AppIcon;
				ASSETCATALOG_COMPILER_GLOBAL_ACCENT_COLOR_NAME = AccentColor;
				CODE_SIGN_STYLE = Automatic;
				CURRENT_PROJECT_VERSION = 1;
				DEVELOPMENT_ASSET_PATHS = "\"DynamicIslandDemo/Resources/\"";
				DEVELOPMENT_TEAM = XPJG98X97P;
				ENABLE_PREVIEWS = YES;
				GENERATE_INFOPLIST_FILE = YES;
				INFOPLIST_KEY_UIApplicationSceneManifest_Generation = YES;
				INFOPLIST_KEY_UIApplicationSupportsIndirectInputEvents = YES;
				INFOPLIST_KEY_UILaunchScreen_Generation = YES;
				INFOPLIST_KEY_UISupportedInterfaceOrientations_iPad = "UIInterfaceOrientationPortrait UIInterfaceOrientationPortraitUpsideDown UIInterfaceOrientationLandscapeLeft UIInterfaceOrientationLandscapeRight";
				INFOPLIST_KEY_UISupportedInterfaceOrientations_iPhone = "UIInterfaceOrientationPortrait UIInterfaceOrientationLandscapeLeft UIInterfaceOrientationLandscapeRight";
				LD_RUNPATH_SEARCH_PATHS = (
					"$(inherited)",
					"@executable_path/Frameworks",
				);
				MARKETING_VERSION = 1.0;
				PRODUCT_BUNDLE_IDENTIFIER = com.codeIT.DynamicIslandSample;
				PRODUCT_NAME = "$(TARGET_NAME)";
				SWIFT_EMIT_LOC_STRINGS = YES;
				SWIFT_VERSION = 5.0;
				TARGETED_DEVICE_FAMILY = "1,2";
			};
			name = Release;
		};
/* End XCBuildConfiguration section */

/* Begin XCConfigurationList section */
		C41E454B2A83A826009470CB /* Build configuration list for PBXProject "DynamicIslandDemo" */ = {
			isa = XCConfigurationList;
			buildConfigurations = (
				C41E455C2A83A826009470CB /* Debug */,
				C41E455D2A83A826009470CB /* Release */,
			);
			defaultConfigurationIsVisible = 0;
			defaultConfigurationName = Release;
		};
		C41E455E2A83A826009470CB /* Build configuration list for PBXNativeTarget "DynamicIslandDemo" */ = {
			isa = XCConfigurationList;
			buildConfigurations = (
				C41E455F2A83A826009470CB /* Debug */,
				C41E45602A83A826009470CB /* Release */,
			);
			defaultConfigurationIsVisible = 0;
			defaultConfigurationName = Release;
		};
/* End XCConfigurationList section */

/* Begin XCRemoteSwiftPackageReference section */
		C4E312AA2A84F93E00A28192 /* XCRemoteSwiftPackageReference "swiftui-introspect" */ = {
			isa = XCRemoteSwiftPackageReference;
			repositoryURL = "https://github.com/siteline/swiftui-introspect";
			requirement = {
				kind = upToNextMajorVersion;
				minimumVersion = 0.10.0;
			};
		};
/* End XCRemoteSwiftPackageReference section */

/* Begin XCSwiftPackageProductDependency section */
		C4E312AB2A84F93E00A28192 /* SwiftUIIntrospect */ = {
			isa = XCSwiftPackageProductDependency;
			package = C4E312AA2A84F93E00A28192 /* XCRemoteSwiftPackageReference "swiftui-introspect" */;
			productName = SwiftUIIntrospect;
		};
/* End XCSwiftPackageProductDependency section */
	};
	rootObject = C41E45482A83A826009470CB /* Project object */;
}
